
Microsoft Visual Studio Solution File, Format Version 12.00
# Visual Studio Version 17
VisualStudioVersion = 17.3.32922.545
MinimumVisualStudioVersion = 10.0.40219.1
Project("{FAE04EC0-301F-11D3-BF4B-00C04F79EFBC}") = "SimpleTagHelperApp", "SimpleTagHelperApp\SimpleTagHelperApp.csproj", "{A8413967-1932-4A83-B6C7-3C20C3FAE24D}"
EndProject
Global
	GlobalSection(SolutionConfigurationPlatforms) = preSolution
		Debug|Any CPU = Debug|Any CPU
		Release|Any CPU = Release|Any CPU
	EndGlobalSection
	GlobalSection(ProjectConfigurationPlatforms) = postSolution
		{A8413967-1932-4A83-B6C7-3C20C3FAE24D}.Debug|Any CPU.ActiveCfg = Debug|Any CPU
		{A8413967-1932-4A83-B6C7-3C20C3FAE24D}.Debug|Any CPU.Build.0 = Debug|Any CPU
		{A8413967-1932-4A83-B6C7-3C20C3FAE24D}.Release|Any CPU.ActiveCfg = Release|Any CPU
		{A8413967-1932-4A83-B6C7-3C20C3FAE24D}.Release|Any CPU.Build.0 = Release|Any CPU
	EndGlobalSection
	GlobalSection(SolutionProperties) = preSolution
		HideSolutionNode = FALSE
	EndGlobalSection
	GlobalSection(ExtensibilityGlobals) = postSolution
		SolutionGuid = {192EA2B3-0404-4568-BEE8-7C74B9F69073}
	EndGlobalSection
EndGlobal
