
Microsoft Visual Studio Solution File, Format Version 12.00
# Visual Studio Version 17
VisualStudioVersion = 17.3.32922.545
MinimumVisualStudioVersion = 10.0.40219.1
Project("{FAE04EC0-301F-11D3-BF4B-00C04F79EFBC}") = "SqlInjectionnProblemApp", "SqlInjectionnProblemApp\SqlInjectionnProblemApp.csproj", "{EEED0C03-8B17-4500-AE87-554D15E8591A}"
EndProject
Project("{FAE04EC0-301F-11D3-BF4B-00C04F79EFBC}") = "SqlInjectionRefactoredApp", "SqlInjectionRefactoredApp\SqlInjectionRefactoredApp.csproj", "{06FCCCF6-DBB4-4852-B242-FB698355A15B}"
EndProject
Global
	GlobalSection(SolutionConfigurationPlatforms) = preSolution
		Debug|Any CPU = Debug|Any CPU
		Release|Any CPU = Release|Any CPU
	EndGlobalSection
	GlobalSection(ProjectConfigurationPlatforms) = postSolution
		{EEED0C03-8B17-4500-AE87-554D15E8591A}.Debug|Any CPU.ActiveCfg = Debug|Any CPU
		{EEED0C03-8B17-4500-AE87-554D15E8591A}.Debug|Any CPU.Build.0 = Debug|Any CPU
		{EEED0C03-8B17-4500-AE87-554D15E8591A}.Release|Any CPU.ActiveCfg = Release|Any CPU
		{EEED0C03-8B17-4500-AE87-554D15E8591A}.Release|Any CPU.Build.0 = Release|Any CPU
		{06FCCCF6-DBB4-4852-B242-FB698355A15B}.Debug|Any CPU.ActiveCfg = Debug|Any CPU
		{06FCCCF6-DBB4-4852-B242-FB698355A15B}.Debug|Any CPU.Build.0 = Debug|Any CPU
		{06FCCCF6-DBB4-4852-B242-FB698355A15B}.Release|Any CPU.ActiveCfg = Release|Any CPU
		{06FCCCF6-DBB4-4852-B242-FB698355A15B}.Release|Any CPU.Build.0 = Release|Any CPU
	EndGlobalSection
	GlobalSection(SolutionProperties) = preSolution
		HideSolutionNode = FALSE
	EndGlobalSection
	GlobalSection(ExtensibilityGlobals) = postSolution
		SolutionGuid = {D988306B-0FBD-43AD-949F-E0E21E7A209A}
	EndGlobalSection
EndGlobal
