
Microsoft Visual Studio Solution File, Format Version 12.00
# Visual Studio Version 17
VisualStudioVersion = 17.3.32922.545
MinimumVisualStudioVersion = 10.0.40219.1
Project("{FAE04EC0-301F-11D3-BF4B-00C04F79EFBC}") = "CrossSiteScriptingApp", "CrossSiteScriptingApp\CrossSiteScriptingApp.csproj", "{96158DE9-3AC6-4672-911C-6DA2A1807A92}"
EndProject
Global
	GlobalSection(SolutionConfigurationPlatforms) = preSolution
		Debug|Any CPU = Debug|Any CPU
		Release|Any CPU = Release|Any CPU
	EndGlobalSection
	GlobalSection(ProjectConfigurationPlatforms) = postSolution
		{96158DE9-3AC6-4672-911C-6DA2A1807A92}.Debug|Any CPU.ActiveCfg = Debug|Any CPU
		{96158DE9-3AC6-4672-911C-6DA2A1807A92}.Debug|Any CPU.Build.0 = Debug|Any CPU
		{96158DE9-3AC6-4672-911C-6DA2A1807A92}.Release|Any CPU.ActiveCfg = Release|Any CPU
		{96158DE9-3AC6-4672-911C-6DA2A1807A92}.Release|Any CPU.Build.0 = Release|Any CPU
	EndGlobalSection
	GlobalSection(SolutionProperties) = preSolution
		HideSolutionNode = FALSE
	EndGlobalSection
	GlobalSection(ExtensibilityGlobals) = postSolution
		SolutionGuid = {ED036BB3-F758-4C4E-9EB1-6D018055EBA5}
	EndGlobalSection
EndGlobal
